
Microsoft Visual Studio Solution File, Format Version 12.00
Project("{2150E333-8FDC-42A3-9474-1A3956D46DE8}") = "Core", "Core", "{A4EA80F9-3999-4EC8-973F-1E934AEAE8BA}"
EndProject
Project("{FAE04EC0-301F-11D3-BF4B-00C04F79EFBC}") = "Atlas.Application", "Atlas.Application\Atlas.Application.csproj", "{5AEA5E10-78CC-4D1E-84F3-8A6B58637C3C}"
EndProject
Project("{2150E333-8FDC-42A3-9474-1A3956D46DE8}") = "Infrastructure", "Infrastructure", "{C0E74AA5-70E5-4F7B-AD10-B6F29AAA4CD9}"
EndProject
Project("{FAE04EC0-301F-11D3-BF4B-00C04F79EFBC}") = "Atlas.Infrastructure", "Atlas.Infrastructure\Atlas.Infrastructure.csproj", "{69859BFC-6BC4-46DD-B291-DFB61D5DE5B4}"
EndProject
Project("{FAE04EC0-301F-11D3-BF4B-00C04F79EFBC}") = "Atlas.Persistance", "Atlas.Persistance\Atlas.Persistance.csproj", "{336DF620-9AAC-4987-BD48-9D7B00B84607}"
EndProject
Project("{2150E333-8FDC-42A3-9474-1A3956D46DE8}") = "Presentation", "Presentation", "{0112B342-B8AB-4AF4-B471-84F46E53046C}"
EndProject
Project("{FAE04EC0-301F-11D3-BF4B-00C04F79EFBC}") = "Atlas.WebAPI", "Atlas.WebAPI\Atlas.WebAPI.csproj", "{B41E5621-740B-47DC-8762-FA796F0DBC12}"
EndProject
Project("{FAE04EC0-301F-11D3-BF4B-00C04F79EFBC}") = "Atlas.Domain", "Atlas.Domain\Atlas.Domain.csproj", "{FE859E5D-9F88-4839-BAC6-58749C3C2D5C}"
EndProject
Global
	GlobalSection(SolutionConfigurationPlatforms) = preSolution
		Debug|Any CPU = Debug|Any CPU
		Release|Any CPU = Release|Any CPU
	EndGlobalSection
	GlobalSection(ProjectConfigurationPlatforms) = postSolution
		{5AEA5E10-78CC-4D1E-84F3-8A6B58637C3C}.Debug|Any CPU.ActiveCfg = Debug|Any CPU
		{5AEA5E10-78CC-4D1E-84F3-8A6B58637C3C}.Debug|Any CPU.Build.0 = Debug|Any CPU
		{5AEA5E10-78CC-4D1E-84F3-8A6B58637C3C}.Release|Any CPU.ActiveCfg = Release|Any CPU
		{5AEA5E10-78CC-4D1E-84F3-8A6B58637C3C}.Release|Any CPU.Build.0 = Release|Any CPU
		{69859BFC-6BC4-46DD-B291-DFB61D5DE5B4}.Debug|Any CPU.ActiveCfg = Debug|Any CPU
		{69859BFC-6BC4-46DD-B291-DFB61D5DE5B4}.Debug|Any CPU.Build.0 = Debug|Any CPU
		{69859BFC-6BC4-46DD-B291-DFB61D5DE5B4}.Release|Any CPU.ActiveCfg = Release|Any CPU
		{69859BFC-6BC4-46DD-B291-DFB61D5DE5B4}.Release|Any CPU.Build.0 = Release|Any CPU
		{336DF620-9AAC-4987-BD48-9D7B00B84607}.Debug|Any CPU.ActiveCfg = Debug|Any CPU
		{336DF620-9AAC-4987-BD48-9D7B00B84607}.Debug|Any CPU.Build.0 = Debug|Any CPU
		{336DF620-9AAC-4987-BD48-9D7B00B84607}.Release|Any CPU.ActiveCfg = Release|Any CPU
		{336DF620-9AAC-4987-BD48-9D7B00B84607}.Release|Any CPU.Build.0 = Release|Any CPU
		{B41E5621-740B-47DC-8762-FA796F0DBC12}.Debug|Any CPU.ActiveCfg = Debug|Any CPU
		{B41E5621-740B-47DC-8762-FA796F0DBC12}.Debug|Any CPU.Build.0 = Debug|Any CPU
		{B41E5621-740B-47DC-8762-FA796F0DBC12}.Release|Any CPU.ActiveCfg = Release|Any CPU
		{B41E5621-740B-47DC-8762-FA796F0DBC12}.Release|Any CPU.Build.0 = Release|Any CPU
		{FE859E5D-9F88-4839-BAC6-58749C3C2D5C}.Debug|Any CPU.ActiveCfg = Debug|Any CPU
		{FE859E5D-9F88-4839-BAC6-58749C3C2D5C}.Debug|Any CPU.Build.0 = Debug|Any CPU
		{FE859E5D-9F88-4839-BAC6-58749C3C2D5C}.Release|Any CPU.ActiveCfg = Release|Any CPU
		{FE859E5D-9F88-4839-BAC6-58749C3C2D5C}.Release|Any CPU.Build.0 = Release|Any CPU
	EndGlobalSection
	GlobalSection(NestedProjects) = preSolution
		{5AEA5E10-78CC-4D1E-84F3-8A6B58637C3C} = {A4EA80F9-3999-4EC8-973F-1E934AEAE8BA}
		{69859BFC-6BC4-46DD-B291-DFB61D5DE5B4} = {C0E74AA5-70E5-4F7B-AD10-B6F29AAA4CD9}
		{336DF620-9AAC-4987-BD48-9D7B00B84607} = {C0E74AA5-70E5-4F7B-AD10-B6F29AAA4CD9}
		{B41E5621-740B-47DC-8762-FA796F0DBC12} = {0112B342-B8AB-4AF4-B471-84F46E53046C}
		{FE859E5D-9F88-4839-BAC6-58749C3C2D5C} = {A4EA80F9-3999-4EC8-973F-1E934AEAE8BA}
	EndGlobalSection
EndGlobal
